
Microsoft Visual Studio Solution File, Format Version 12.00
# Visual Studio Version 16
VisualStudioVersion = 16.0.29613.14
MinimumVisualStudioVersion = 10.0.40219.1
Project("{FAE04EC0-301F-11D3-BF4B-00C04F79EFBC}") = "SimpleGeneticAlgorithm", "SimpleGeneticAlgorithm\SimpleGeneticAlgorithm.csproj", "{9B632F57-2500-469B-BBD7-8D73ED34F854}"
EndProject
Global
	GlobalSection(SolutionConfigurationPlatforms) = preSolution
		Debug|Any CPU = Debug|Any CPU
		Release|Any CPU = Release|Any CPU
	EndGlobalSection
	GlobalSection(ProjectConfigurationPlatforms) = postSolution
		{9B632F57-2500-469B-BBD7-8D73ED34F854}.Debug|Any CPU.ActiveCfg = Debug|Any CPU
		{9B632F57-2500-469B-BBD7-8D73ED34F854}.Debug|Any CPU.Build.0 = Debug|Any CPU
		{9B632F57-2500-469B-BBD7-8D73ED34F854}.Release|Any CPU.ActiveCfg = Release|Any CPU
		{9B632F57-2500-469B-BBD7-8D73ED34F854}.Release|Any CPU.Build.0 = Release|Any CPU
	EndGlobalSection
	GlobalSection(SolutionProperties) = preSolution
		HideSolutionNode = FALSE
	EndGlobalSection
	GlobalSection(ExtensibilityGlobals) = postSolution
		SolutionGuid = {C925D7D8-4431-4A92-AB15-288BF228F1B4}
	EndGlobalSection
EndGlobal
